
Microsoft Visual Studio Solution File, Format Version 12.00
# Visual Studio 15
VisualStudioVersion = 15.0.28307.271
MinimumVisualStudioVersion = 10.0.40219.1
Project("{FAE04EC0-301F-11D3-BF4B-00C04F79EFBC}") = "SampleApplication.Utils", "SampleApplication.Utils\SampleApplication.Utils.csproj", "{F7436C83-100A-41F1-A2B6-D5137CAF3CB9}"
EndProject
Project("{FAE04EC0-301F-11D3-BF4B-00C04F79EFBC}") = "SampleApplication.DAL", "SampleApplication.DAL\SampleApplication.DAL.csproj", "{7316CDD1-4979-408E-BA03-D9045A030F2A}"
EndProject
Project("{FAE04EC0-301F-11D3-BF4B-00C04F79EFBC}") = "SampleApplication.BLL", "SampleApplication.BLL\SampleApplication.BLL.csproj", "{5FE63953-507E-45C8-88E7-482DB9C0773B}"
EndProject
Project("{FAE04EC0-301F-11D3-BF4B-00C04F79EFBC}") = "SampleApplication.Web", "SampleApplication.Web\SampleApplication.Web.csproj", "{9261DE6A-484B-4EC8-AD43-68BD88B286EF}"
EndProject
Global
	GlobalSection(SolutionConfigurationPlatforms) = preSolution
		Debug|Any CPU = Debug|Any CPU
		Release|Any CPU = Release|Any CPU
	EndGlobalSection
	GlobalSection(ProjectConfigurationPlatforms) = postSolution
		{F7436C83-100A-41F1-A2B6-D5137CAF3CB9}.Debug|Any CPU.ActiveCfg = Debug|Any CPU
		{F7436C83-100A-41F1-A2B6-D5137CAF3CB9}.Debug|Any CPU.Build.0 = Debug|Any CPU
		{F7436C83-100A-41F1-A2B6-D5137CAF3CB9}.Release|Any CPU.ActiveCfg = Release|Any CPU
		{F7436C83-100A-41F1-A2B6-D5137CAF3CB9}.Release|Any CPU.Build.0 = Release|Any CPU
		{7316CDD1-4979-408E-BA03-D9045A030F2A}.Debug|Any CPU.ActiveCfg = Debug|Any CPU
		{7316CDD1-4979-408E-BA03-D9045A030F2A}.Debug|Any CPU.Build.0 = Debug|Any CPU
		{7316CDD1-4979-408E-BA03-D9045A030F2A}.Release|Any CPU.ActiveCfg = Release|Any CPU
		{7316CDD1-4979-408E-BA03-D9045A030F2A}.Release|Any CPU.Build.0 = Release|Any CPU
		{5FE63953-507E-45C8-88E7-482DB9C0773B}.Debug|Any CPU.ActiveCfg = Debug|Any CPU
		{5FE63953-507E-45C8-88E7-482DB9C0773B}.Debug|Any CPU.Build.0 = Debug|Any CPU
		{5FE63953-507E-45C8-88E7-482DB9C0773B}.Release|Any CPU.ActiveCfg = Release|Any CPU
		{5FE63953-507E-45C8-88E7-482DB9C0773B}.Release|Any CPU.Build.0 = Release|Any CPU
		{9261DE6A-484B-4EC8-AD43-68BD88B286EF}.Debug|Any CPU.ActiveCfg = Debug|Any CPU
		{9261DE6A-484B-4EC8-AD43-68BD88B286EF}.Debug|Any CPU.Build.0 = Debug|Any CPU
		{9261DE6A-484B-4EC8-AD43-68BD88B286EF}.Release|Any CPU.ActiveCfg = Release|Any CPU
		{9261DE6A-484B-4EC8-AD43-68BD88B286EF}.Release|Any CPU.Build.0 = Release|Any CPU
	EndGlobalSection
	GlobalSection(SolutionProperties) = preSolution
		HideSolutionNode = FALSE
	EndGlobalSection
	GlobalSection(ExtensibilityGlobals) = postSolution
		SolutionGuid = {FD6AAE00-2D34-4957-8D0D-EE372D5D7463}
	EndGlobalSection
EndGlobal
